
Microsoft Visual Studio Solution File, Format Version 12.00
# Visual Studio Version 17
VisualStudioVersion = 17.6.33829.357
MinimumVisualStudioVersion = 10.0.40219.1
Project("{FAE04EC0-301F-11D3-BF4B-00C04F79EFBC}") = "atv14", "atv14\atv14.csproj", "{CC4441E3-00AA-4130-B99E-D68BA0D91CE6}"
EndProject
Global
	GlobalSection(SolutionConfigurationPlatforms) = preSolution
		Debug|Any CPU = Debug|Any CPU
		Release|Any CPU = Release|Any CPU
	EndGlobalSection
	GlobalSection(ProjectConfigurationPlatforms) = postSolution
		{CC4441E3-00AA-4130-B99E-D68BA0D91CE6}.Debug|Any CPU.ActiveCfg = Debug|Any CPU
		{CC4441E3-00AA-4130-B99E-D68BA0D91CE6}.Debug|Any CPU.Build.0 = Debug|Any CPU
		{CC4441E3-00AA-4130-B99E-D68BA0D91CE6}.Release|Any CPU.ActiveCfg = Release|Any CPU
		{CC4441E3-00AA-4130-B99E-D68BA0D91CE6}.Release|Any CPU.Build.0 = Release|Any CPU
	EndGlobalSection
	GlobalSection(SolutionProperties) = preSolution
		HideSolutionNode = FALSE
	EndGlobalSection
	GlobalSection(ExtensibilityGlobals) = postSolution
		SolutionGuid = {E7C8FA63-9FB4-43F2-BA55-3D7F5024F85C}
	EndGlobalSection
EndGlobal
