
Microsoft Visual Studio Solution File, Format Version 12.00
# Visual Studio Version 17
VisualStudioVersion = 17.3.32819.101
MinimumVisualStudioVersion = 10.0.40219.1
Project("{FAE04EC0-301F-11D3-BF4B-00C04F79EFBC}") = "atv-16", "atv-16\atv-16.csproj", "{225D0668-60CF-4684-96D9-DFDF1CB44582}"
EndProject
Global
	GlobalSection(SolutionConfigurationPlatforms) = preSolution
		Debug|Any CPU = Debug|Any CPU
		Release|Any CPU = Release|Any CPU
	EndGlobalSection
	GlobalSection(ProjectConfigurationPlatforms) = postSolution
		{225D0668-60CF-4684-96D9-DFDF1CB44582}.Debug|Any CPU.ActiveCfg = Debug|Any CPU
		{225D0668-60CF-4684-96D9-DFDF1CB44582}.Debug|Any CPU.Build.0 = Debug|Any CPU
		{225D0668-60CF-4684-96D9-DFDF1CB44582}.Release|Any CPU.ActiveCfg = Release|Any CPU
		{225D0668-60CF-4684-96D9-DFDF1CB44582}.Release|Any CPU.Build.0 = Release|Any CPU
	EndGlobalSection
	GlobalSection(SolutionProperties) = preSolution
		HideSolutionNode = FALSE
	EndGlobalSection
	GlobalSection(ExtensibilityGlobals) = postSolution
		SolutionGuid = {83645514-D9DF-429F-86DC-66E6BEB496CF}
	EndGlobalSection
EndGlobal
